// !$*UTF8*$!
{
	archiveVersion = 1;
	classes = {
	};
	objectVersion = 50;
	objects = {

/* Begin PBXBuildFile section */
		88199648263CE94B008752AC /* Photo.swift in Sources */ = {isa = PBXBuildFile; fileRef = 88199647263CE94B008752AC /* Photo.swift */; };
		881E12E026383D7D0014C52E /* PhotoStore.swift in Sources */ = {isa = PBXBuildFile; fileRef = 881E12DF26383D7D0014C52E /* PhotoStore.swift */; };
		883507B22633651500D891BE /* AppDelegate.swift in Sources */ = {isa = PBXBuildFile; fileRef = 883507B12633651500D891BE /* AppDelegate.swift */; };
		883507B42633651500D891BE /* SceneDelegate.swift in Sources */ = {isa = PBXBuildFile; fileRef = 883507B32633651500D891BE /* SceneDelegate.swift */; };
		883507B62633651500D891BE /* PhotosViewController.swift in Sources */ = {isa = PBXBuildFile; fileRef = 883507B52633651500D891BE /* PhotosViewController.swift */; };
		883507B92633651500D891BE /* Main.storyboard in Resources */ = {isa = PBXBuildFile; fileRef = 883507B72633651500D891BE /* Main.storyboard */; };
		883507BB2633651500D891BE /* Assets.xcassets in Resources */ = {isa = PBXBuildFile; fileRef = 883507BA2633651500D891BE /* Assets.xcassets */; };
		883507BE2633651500D891BE /* LaunchScreen.storyboard in Resources */ = {isa = PBXBuildFile; fileRef = 883507BC2633651500D891BE /* LaunchScreen.storyboard */; };
		883507C92633651500D891BE /* PhotoramaTests.swift in Sources */ = {isa = PBXBuildFile; fileRef = 883507C82633651500D891BE /* PhotoramaTests.swift */; };
		883507D42633651500D891BE /* PhotoramaUITests.swift in Sources */ = {isa = PBXBuildFile; fileRef = 883507D32633651500D891BE /* PhotoramaUITests.swift */; };
		883507E826336ED700D891BE /* FlickrAPI.swift in Sources */ = {isa = PBXBuildFile; fileRef = 883507E726336ED700D891BE /* FlickrAPI.swift */; };
		88C95F4E264D46BC00C71CDC /* PhotoDataSource.swift in Sources */ = {isa = PBXBuildFile; fileRef = 88C95F4D264D46BC00C71CDC /* PhotoDataSource.swift */; };
		88C95F50264D540800C71CDC /* PhotoCollectionViewCell.swift in Sources */ = {isa = PBXBuildFile; fileRef = 88C95F4F264D540800C71CDC /* PhotoCollectionViewCell.swift */; };
/* End PBXBuildFile section */

/* Begin PBXContainerItemProxy section */
		883507C52633651500D891BE /* PBXContainerItemProxy */ = {
			isa = PBXContainerItemProxy;
			containerPortal = 883507A62633651400D891BE /* Project object */;
			proxyType = 1;
			remoteGlobalIDString = 883507AD2633651500D891BE;
			remoteInfo = Photorama;
		};
		883507D02633651500D891BE /* PBXContainerItemProxy */ = {
			isa = PBXContainerItemProxy;
			containerPortal = 883507A62633651400D891BE /* Project object */;
			proxyType = 1;
			remoteGlobalIDString = 883507AD2633651500D891BE;
			remoteInfo = Photorama;
		};
/* End PBXContainerItemProxy section */

/* Begin PBXFileReference section */
		88199647263CE94B008752AC /* Photo.swift */ = {isa = PBXFileReference; lastKnownFileType = sourcecode.swift; path = Photo.swift; sourceTree = "<group>"; };
		881E12DF26383D7D0014C52E /* PhotoStore.swift */ = {isa = PBXFileReference; lastKnownFileType = sourcecode.swift; path = PhotoStore.swift; sourceTree = "<group>"; };
		883507AE2633651500D891BE /* Photorama.app */ = {isa = PBXFileReference; explicitFileType = wrapper.application; includeInIndex = 0; path = Photorama.app; sourceTree = BUILT_PRODUCTS_DIR; };
		883507B12633651500D891BE /* AppDelegate.swift */ = {isa = PBXFileReference; lastKnownFileType = sourcecode.swift; path = AppDelegate.swift; sourceTree = "<group>"; };
		883507B32633651500D891BE /* SceneDelegate.swift */ = {isa = PBXFileReference; lastKnownFileType = sourcecode.swift; path = SceneDelegate.swift; sourceTree = "<group>"; };
		883507B52633651500D891BE /* PhotosViewController.swift */ = {isa = PBXFileReference; lastKnownFileType = sourcecode.swift; path = PhotosViewController.swift; sourceTree = "<group>"; };
		883507B82633651500D891BE /* Base */ = {isa = PBXFileReference; lastKnownFileType = file.storyboard; name = Base; path = Base.lproj/Main.storyboard; sourceTree = "<group>"; };
		883507BA2633651500D891BE /* Assets.xcassets */ = {isa = PBXFileReference; lastKnownFileType = folder.assetcatalog; path = Assets.xcassets; sourceTree = "<group>"; };
		883507BD2633651500D891BE /* Base */ = {isa = PBXFileReference; lastKnownFileType = file.storyboard; name = Base; path = Base.lproj/LaunchScreen.storyboard; sourceTree = "<group>"; };
		883507BF2633651500D891BE /* Info.plist */ = {isa = PBXFileReference; lastKnownFileType = text.plist.xml; path = Info.plist; sourceTree = "<group>"; };
		883507C42633651500D891BE /* PhotoramaTests.xctest */ = {isa = PBXFileReference; explicitFileType = wrapper.cfbundle; includeInIndex = 0; path = PhotoramaTests.xctest; sourceTree = BUILT_PRODUCTS_DIR; };
		883507C82633651500D891BE /* PhotoramaTests.swift */ = {isa = PBXFileReference; lastKnownFileType = sourcecode.swift; path = PhotoramaTests.swift; sourceTree = "<group>"; };
		883507CA2633651500D891BE /* Info.plist */ = {isa = PBXFileReference; lastKnownFileType = text.plist.xml; path = Info.plist; sourceTree = "<group>"; };
		883507CF2633651500D891BE /* PhotoramaUITests.xctest */ = {isa = PBXFileReference; explicitFileType = wrapper.cfbundle; includeInIndex = 0; path = PhotoramaUITests.xctest; sourceTree = BUILT_PRODUCTS_DIR; };
		883507D32633651500D891BE /* PhotoramaUITests.swift */ = {isa = PBXFileReference; lastKnownFileType = sourcecode.swift; path = PhotoramaUITests.swift; sourceTree = "<group>"; };
		883507D52633651500D891BE /* Info.plist */ = {isa = PBXFileReference; lastKnownFileType = text.plist.xml; path = Info.plist; sourceTree = "<group>"; };
		883507E726336ED700D891BE /* FlickrAPI.swift */ = {isa = PBXFileReference; lastKnownFileType = sourcecode.swift; path = FlickrAPI.swift; sourceTree = "<group>"; };
		88C95F4D264D46BC00C71CDC /* PhotoDataSource.swift */ = {isa = PBXFileReference; lastKnownFileType = sourcecode.swift; path = PhotoDataSource.swift; sourceTree = "<group>"; };
		88C95F4F264D540800C71CDC /* PhotoCollectionViewCell.swift */ = {isa = PBXFileReference; lastKnownFileType = sourcecode.swift; path = PhotoCollectionViewCell.swift; sourceTree = "<group>"; };
/* End PBXFileReference section */

/* Begin PBXFrameworksBuildPhase section */
		883507AB2633651500D891BE /* Frameworks */ = {
			isa = PBXFrameworksBuildPhase;
			buildActionMask = 2147483647;
			files = (
			);
			runOnlyForDeploymentPostprocessing = 0;
		};
		883507C12633651500D891BE /* Frameworks */ = {
			isa = PBXFrameworksBuildPhase;
			buildActionMask = 2147483647;
			files = (
			);
			runOnlyForDeploymentPostprocessing = 0;
		};
		883507CC2633651500D891BE /* Frameworks */ = {
			isa = PBXFrameworksBuildPhase;
			buildActionMask = 2147483647;
			files = (
			);
			runOnlyForDeploymentPostprocessing = 0;
		};
/* End PBXFrameworksBuildPhase section */

/* Begin PBXGroup section */
		883507A52633651400D891BE = {
			isa = PBXGroup;
			children = (
				883507B02633651500D891BE /* Photorama */,
				883507C72633651500D891BE /* PhotoramaTests */,
				883507D22633651500D891BE /* PhotoramaUITests */,
				883507AF2633651500D891BE /* Products */,
			);
			sourceTree = "<group>";
		};
		883507AF2633651500D891BE /* Products */ = {
			isa = PBXGroup;
			children = (
				883507AE2633651500D891BE /* Photorama.app */,
				883507C42633651500D891BE /* PhotoramaTests.xctest */,
				883507CF2633651500D891BE /* PhotoramaUITests.xctest */,
			);
			name = Products;
			sourceTree = "<group>";
		};
		883507B02633651500D891BE /* Photorama */ = {
			isa = PBXGroup;
			children = (
				883507B12633651500D891BE /* AppDelegate.swift */,
				883507B32633651500D891BE /* SceneDelegate.swift */,
				883507B52633651500D891BE /* PhotosViewController.swift */,
				883507B72633651500D891BE /* Main.storyboard */,
				883507BA2633651500D891BE /* Assets.xcassets */,
				883507BC2633651500D891BE /* LaunchScreen.storyboard */,
				883507BF2633651500D891BE /* Info.plist */,
				883507E726336ED700D891BE /* FlickrAPI.swift */,
				881E12DF26383D7D0014C52E /* PhotoStore.swift */,
				88199647263CE94B008752AC /* Photo.swift */,
				88C95F4D264D46BC00C71CDC /* PhotoDataSource.swift */,
				88C95F4F264D540800C71CDC /* PhotoCollectionViewCell.swift */,
			);
			path = Photorama;
			sourceTree = "<group>";
		};
		883507C72633651500D891BE /* PhotoramaTests */ = {
			isa = PBXGroup;
			children = (
				883507C82633651500D891BE /* PhotoramaTests.swift */,
				883507CA2633651500D891BE /* Info.plist */,
			);
			path = PhotoramaTests;
			sourceTree = "<group>";
		};
		883507D22633651500D891BE /* PhotoramaUITests */ = {
			isa = PBXGroup;
			children = (
				883507D32633651500D891BE /* PhotoramaUITests.swift */,
				883507D52633651500D891BE /* Info.plist */,
			);
			path = PhotoramaUITests;
			sourceTree = "<group>";
		};
/* End PBXGroup section */

/* Begin PBXNativeTarget section */
		883507AD2633651500D891BE /* Photorama */ = {
			isa = PBXNativeTarget;
			buildConfigurationList = 883507D82633651500D891BE /* Build configuration list for PBXNativeTarget "Photorama" */;
			buildPhases = (
				883507AA2633651500D891BE /* Sources */,
				883507AB2633651500D891BE /* Frameworks */,
				883507AC2633651500D891BE /* Resources */,
			);
			buildRules = (
			);
			dependencies = (
			);
			name = Photorama;
			productName = Photorama;
			productReference = 883507AE2633651500D891BE /* Photorama.app */;
			productType = "com.apple.product-type.application";
		};
		883507C32633651500D891BE /* PhotoramaTests */ = {
			isa = PBXNativeTarget;
			buildConfigurationList = 883507DB2633651500D891BE /* Build configuration list for PBXNativeTarget "PhotoramaTests" */;
			buildPhases = (
				883507C02633651500D891BE /* Sources */,
				883507C12633651500D891BE /* Frameworks */,
				883507C22633651500D891BE /* Resources */,
			);
			buildRules = (
			);
			dependencies = (
				883507C62633651500D891BE /* PBXTargetDependency */,
			);
			name = PhotoramaTests;
			productName = PhotoramaTests;
			productReference = 883507C42633651500D891BE /* PhotoramaTests.xctest */;
			productType = "com.apple.product-type.bundle.unit-test";
		};
		883507CE2633651500D891BE /* PhotoramaUITests */ = {
			isa = PBXNativeTarget;
			buildConfigurationList = 883507DE2633651500D891BE /* Build configuration list for PBXNativeTarget "PhotoramaUITests" */;
			buildPhases = (
				883507CB2633651500D891BE /* Sources */,
				883507CC2633651500D891BE /* Frameworks */,
				883507CD2633651500D891BE /* Resources */,
			);
			buildRules = (
			);
			dependencies = (
				883507D12633651500D891BE /* PBXTargetDependency */,
			);
			name = PhotoramaUITests;
			productName = PhotoramaUITests;
			productReference = 883507CF2633651500D891BE /* PhotoramaUITests.xctest */;
			productType = "com.apple.product-type.bundle.ui-testing";
		};
/* End PBXNativeTarget section */

/* Begin PBXProject section */
		883507A62633651400D891BE /* Project object */ = {
			isa = PBXProject;
			attributes = {
				LastSwiftUpdateCheck = 1240;
				LastUpgradeCheck = 1240;
				TargetAttributes = {
					883507AD2633651500D891BE = {
						CreatedOnToolsVersion = 12.4;
					};
					883507C32633651500D891BE = {
						CreatedOnToolsVersion = 12.4;
						TestTargetID = 883507AD2633651500D891BE;
					};
					883507CE2633651500D891BE = {
						CreatedOnToolsVersion = 12.4;
						TestTargetID = 883507AD2633651500D891BE;
					};
				};
			};
			buildConfigurationList = 883507A92633651500D891BE /* Build configuration list for PBXProject "Photorama" */;
			compatibilityVersion = "Xcode 9.3";
			developmentRegion = en;
			hasScannedForEncodings = 0;
			knownRegions = (
				en,
				Base,
			);
			mainGroup = 883507A52633651400D891BE;
			productRefGroup = 883507AF2633651500D891BE /* Products */;
			projectDirPath = "";
			projectRoot = "";
			targets = (
				883507AD2633651500D891BE /* Photorama */,
				883507C32633651500D891BE /* PhotoramaTests */,
				883507CE2633651500D891BE /* PhotoramaUITests */,
			);
		};
/* End PBXProject section */

/* Begin PBXResourcesBuildPhase section */
		883507AC2633651500D891BE /* Resources */ = {
			isa = PBXResourcesBuildPhase;
			buildActionMask = 2147483647;
			files = (
				883507BE2633651500D891BE /* LaunchScreen.storyboard in Resources */,
				883507BB2633651500D891BE /* Assets.xcassets in Resources */,
				883507B92633651500D891BE /* Main.storyboard in Resources */,
			);
			runOnlyForDeploymentPostprocessing = 0;
		};
		883507C22633651500D891BE /* Resources */ = {
			isa = PBXResourcesBuildPhase;
			buildActionMask = 2147483647;
			files = (
			);
			runOnlyForDeploymentPostprocessing = 0;
		};
		883507CD2633651500D891BE /* Resources */ = {
			isa = PBXResourcesBuildPhase;
			buildActionMask = 2147483647;
			files = (
			);
			runOnlyForDeploymentPostprocessing = 0;
		};
/* End PBXResourcesBuildPhase section */

/* Begin PBXSourcesBuildPhase section */
		883507AA2633651500D891BE /* Sources */ = {
			isa = PBXSourcesBuildPhase;
			buildActionMask = 2147483647;
			files = (
				88199648263CE94B008752AC /* Photo.swift in Sources */,
				88C95F50264D540800C71CDC /* PhotoCollectionViewCell.swift in Sources */,
				88C95F4E264D46BC00C71CDC /* PhotoDataSource.swift in Sources */,
				881E12E026383D7D0014C52E /* PhotoStore.swift in Sources */,
				883507B62633651500D891BE /* PhotosViewController.swift in Sources */,
				883507B22633651500D891BE /* AppDelegate.swift in Sources */,
				883507B42633651500D891BE /* SceneDelegate.swift in Sources */,
				883507E826336ED700D891BE /* FlickrAPI.swift in Sources */,
			);
			runOnlyForDeploymentPostprocessing = 0;
		};
		883507C02633651500D891BE /* Sources */ = {
			isa = PBXSourcesBuildPhase;
			buildActionMask = 2147483647;
			files = (
				883507C92633651500D891BE /* PhotoramaTests.swift in Sources */,
			);
			runOnlyForDeploymentPostprocessing = 0;
		};
		883507CB2633651500D891BE /* Sources */ = {
			isa = PBXSourcesBuildPhase;
			buildActionMask = 2147483647;
			files = (
				883507D42633651500D891BE /* PhotoramaUITests.swift in Sources */,
			);
			runOnlyForDeploymentPostprocessing = 0;
		};
/* End PBXSourcesBuildPhase section */

/* Begin PBXTargetDependency section */
		883507C62633651500D891BE /* PBXTargetDependency */ = {
			isa = PBXTargetDependency;
			target = 883507AD2633651500D891BE /* Photorama */;
			targetProxy = 883507C52633651500D891BE /* PBXContainerItemProxy */;
		};
		883507D12633651500D891BE /* PBXTargetDependency */ = {
			isa = PBXTargetDependency;
			target = 883507AD2633651500D891BE /* Photorama */;
			targetProxy = 883507D02633651500D891BE /* PBXContainerItemProxy */;
		};
/* End PBXTargetDependency section */

/* Begin PBXVariantGroup section */
		883507B72633651500D891BE /* Main.storyboard */ = {
			isa = PBXVariantGroup;
			children = (
				883507B82633651500D891BE /* Base */,
			);
			name = Main.storyboard;
			sourceTree = "<group>";
		};
		883507BC2633651500D891BE /* LaunchScreen.storyboard */ = {
			isa = PBXVariantGroup;
			children = (
				883507BD2633651500D891BE /* Base */,
			);
			name = LaunchScreen.storyboard;
			sourceTree = "<group>";
		};
/* End PBXVariantGroup section */

/* Begin XCBuildConfiguration section */
		883507D62633651500D891BE /* Debug */ = {
			isa = XCBuildConfiguration;
			buildSettings = {
				ALWAYS_SEARCH_USER_PATHS = NO;
				CLANG_ANALYZER_NONNULL = YES;
				CLANG_ANALYZER_NUMBER_OBJECT_CONVERSION = YES_AGGRESSIVE;
				CLANG_CXX_LANGUAGE_STANDARD = "gnu++14";
				CLANG_CXX_LIBRARY = "libc++";
				CLANG_ENABLE_MODULES = YES;
				CLANG_ENABLE_OBJC_ARC = YES;
				CLANG_ENABLE_OBJC_WEAK = YES;
				CLANG_WARN_BLOCK_CAPTURE_AUTORELEASING = YES;
				CLANG_WARN_BOOL_CONVERSION = YES;
				CLANG_WARN_COMMA = YES;
				CLANG_WARN_CONSTANT_CONVERSION = YES;
				CLANG_WARN_DEPRECATED_OBJC_IMPLEMENTATIONS = YES;
				CLANG_WARN_DIRECT_OBJC_ISA_USAGE = YES_ERROR;
				CLANG_WARN_DOCUMENTATION_COMMENTS = YES;
				CLANG_WARN_EMPTY_BODY = YES;
				CLANG_WARN_ENUM_CONVERSION = YES;
				CLANG_WARN_INFINITE_RECURSION = YES;
				CLANG_WARN_INT_CONVERSION = YES;
				CLANG_WARN_NON_LITERAL_NULL_CONVERSION = YES;
				CLANG_WARN_OBJC_IMPLICIT_RETAIN_SELF = YES;
				CLANG_WARN_OBJC_LITERAL_CONVERSION = YES;
				CLANG_WARN_OBJC_ROOT_CLASS = YES_ERROR;
				CLANG_WARN_QUOTED_INCLUDE_IN_FRAMEWORK_HEADER = YES;
				CLANG_WARN_RANGE_LOOP_ANALYSIS = YES;
				CLANG_WARN_STRICT_PROTOTYPES = YES;
				CLANG_WARN_SUSPICIOUS_MOVE = YES;
				CLANG_WARN_UNGUARDED_AVAILABILITY = YES_AGGRESSIVE;
				CLANG_WARN_UNREACHABLE_CODE = YES;
				CLANG_WARN__DUPLICATE_METHOD_MATCH = YES;
				COPY_PHASE_STRIP = NO;
				DEBUG_INFORMATION_FORMAT = dwarf;
				ENABLE_STRICT_OBJC_MSGSEND = YES;
				ENABLE_TESTABILITY = YES;
				GCC_C_LANGUAGE_STANDARD = gnu11;
				GCC_DYNAMIC_NO_PIC = NO;
				GCC_NO_COMMON_BLOCKS = YES;
				GCC_OPTIMIZATION_LEVEL = 0;
				GCC_PREPROCESSOR_DEFINITIONS = (
					"DEBUG=1",
					"$(inherited)",
				);
				GCC_WARN_64_TO_32_BIT_CONVERSION = YES;
				GCC_WARN_ABOUT_RETURN_TYPE = YES_ERROR;
				GCC_WARN_UNDECLARED_SELECTOR = YES;
				GCC_WARN_UNINITIALIZED_AUTOS = YES_AGGRESSIVE;
				GCC_WARN_UNUSED_FUNCTION = YES;
				GCC_WARN_UNUSED_VARIABLE = YES;
				IPHONEOS_DEPLOYMENT_TARGET = 14.4;
				MTL_ENABLE_DEBUG_INFO = INCLUDE_SOURCE;
				MTL_FAST_MATH = YES;
				ONLY_ACTIVE_ARCH = YES;
				SDKROOT = iphoneos;
				SWIFT_ACTIVE_COMPILATION_CONDITIONS = DEBUG;
				SWIFT_OPTIMIZATION_LEVEL = "-Onone";
			};
			name = Debug;
		};
		883507D72633651500D891BE /* Release */ = {
			isa = XCBuildConfiguration;
			buildSettings = {
				ALWAYS_SEARCH_USER_PATHS = NO;
				CLANG_ANALYZER_NONNULL = YES;
				CLANG_ANALYZER_NUMBER_OBJECT_CONVERSION = YES_AGGRESSIVE;
				CLANG_CXX_LANGUAGE_STANDARD = "gnu++14";
				CLANG_CXX_LIBRARY = "libc++";
				CLANG_ENABLE_MODULES = YES;
				CLANG_ENABLE_OBJC_ARC = YES;
				CLANG_ENABLE_OBJC_WEAK = YES;
				CLANG_WARN_BLOCK_CAPTURE_AUTORELEASING = YES;
				CLANG_WARN_BOOL_CONVERSION = YES;
				CLANG_WARN_COMMA = YES;
				CLANG_WARN_CONSTANT_CONVERSION = YES;
				CLANG_WARN_DEPRECATED_OBJC_IMPLEMENTATIONS = YES;
				CLANG_WARN_DIRECT_OBJC_ISA_USAGE = YES_ERROR;
				CLANG_WARN_DOCUMENTATION_COMMENTS = YES;
				CLANG_WARN_EMPTY_BODY = YES;
				CLANG_WARN_ENUM_CONVERSION = YES;
				CLANG_WARN_INFINITE_RECURSION = YES;
				CLANG_WARN_INT_CONVERSION = YES;
				CLANG_WARN_NON_LITERAL_NULL_CONVERSION = YES;
				CLANG_WARN_OBJC_IMPLICIT_RETAIN_SELF = YES;
				CLANG_WARN_OBJC_LITERAL_CONVERSION = YES;
				CLANG_WARN_OBJC_ROOT_CLASS = YES_ERROR;
				CLANG_WARN_QUOTED_INCLUDE_IN_FRAMEWORK_HEADER = YES;
				CLANG_WARN_RANGE_LOOP_ANALYSIS = YES;
				CLANG_WARN_STRICT_PROTOTYPES = YES;
				CLANG_WARN_SUSPICIOUS_MOVE = YES;
				CLANG_WARN_UNGUARDED_AVAILABILITY = YES_AGGRESSIVE;
				CLANG_WARN_UNREACHABLE_CODE = YES;
				CLANG_WARN__DUPLICATE_METHOD_MATCH = YES;
				COPY_PHASE_STRIP = NO;
				DEBUG_INFORMATION_FORMAT = "dwarf-with-dsym";
				ENABLE_NS_ASSERTIONS = NO;
				ENABLE_STRICT_OBJC_MSGSEND = YES;
				GCC_C_LANGUAGE_STANDARD = gnu11;
				GCC_NO_COMMON_BLOCKS = YES;
				GCC_WARN_64_TO_32_BIT_CONVERSION = YES;
				GCC_WARN_ABOUT_RETURN_TYPE = YES_ERROR;
				GCC_WARN_UNDECLARED_SELECTOR = YES;
				GCC_WARN_UNINITIALIZED_AUTOS = YES_AGGRESSIVE;
				GCC_WARN_UNUSED_FUNCTION = YES;
				GCC_WARN_UNUSED_VARIABLE = YES;
				IPHONEOS_DEPLOYMENT_TARGET = 14.4;
				MTL_ENABLE_DEBUG_INFO = NO;
				MTL_FAST_MATH = YES;
				SDKROOT = iphoneos;
				SWIFT_COMPILATION_MODE = wholemodule;
				SWIFT_OPTIMIZATION_LEVEL = "-O";
				VALIDATE_PRODUCT = YES;
			};
			name = Release;
		};
		883507D92633651500D891BE /* Debug */ = {
			isa = XCBuildConfiguration;
			buildSettings = {
				ASSETCATALOG_COMPILER_APPICON_NAME = AppIcon;
				ASSETCATALOG_COMPILER_GLOBAL_ACCENT_COLOR_NAME = AccentColor;
				CODE_SIGN_STYLE = Automatic;
				DEVELOPMENT_TEAM = 72ZMR4H44J;
				INFOPLIST_FILE = Photorama/Info.plist;
				LD_RUNPATH_SEARCH_PATHS = (
					"$(inherited)",
					"@executable_path/Frameworks",
				);
				PRODUCT_BUNDLE_IDENTIFIER = com.chaomei.Photorama;
				PRODUCT_NAME = "$(TARGET_NAME)";
				SWIFT_VERSION = 5.0;
				TARGETED_DEVICE_FAMILY = "1,2";
			};
			name = Debug;
		};
		883507DA2633651500D891BE /* Release */ = {
			isa = XCBuildConfiguration;
			buildSettings = {
				ASSETCATALOG_COMPILER_APPICON_NAME = AppIcon;
				ASSETCATALOG_COMPILER_GLOBAL_ACCENT_COLOR_NAME = AccentColor;
				CODE_SIGN_STYLE = Automatic;
				DEVELOPMENT_TEAM = 72ZMR4H44J;
				INFOPLIST_FILE = Photorama/Info.plist;
				LD_RUNPATH_SEARCH_PATHS = (
					"$(inherited)",
					"@executable_path/Frameworks",
				);
				PRODUCT_BUNDLE_IDENTIFIER = com.chaomei.Photorama;
				PRODUCT_NAME = "$(TARGET_NAME)";
				SWIFT_VERSION = 5.0;
				TARGETED_DEVICE_FAMILY = "1,2";
			};
			name = Release;
		};
		883507DC2633651500D891BE /* Debug */ = {
			isa = XCBuildConfiguration;
			buildSettings = {
				ALWAYS_EMBED_SWIFT_STANDARD_LIBRARIES = YES;
				BUNDLE_LOADER = "$(TEST_HOST)";
				CODE_SIGN_STYLE = Automatic;
				DEVELOPMENT_TEAM = 72ZMR4H44J;
				INFOPLIST_FILE = PhotoramaTests/Info.plist;
				IPHONEOS_DEPLOYMENT_TARGET = 14.4;
				LD_RUNPATH_SEARCH_PATHS = (
					"$(inherited)",
					"@executable_path/Frameworks",
					"@loader_path/Frameworks",
				);
				PRODUCT_BUNDLE_IDENTIFIER = com.chaomei.PhotoramaTests;
				PRODUCT_NAME = "$(TARGET_NAME)";
				SWIFT_VERSION = 5.0;
				TARGETED_DEVICE_FAMILY = "1,2";
				TEST_HOST = "$(BUILT_PRODUCTS_DIR)/Photorama.app/Photorama";
			};
			name = Debug;
		};
		883507DD2633651500D891BE /* Release */ = {
			isa = XCBuildConfiguration;
			buildSettings = {
				ALWAYS_EMBED_SWIFT_STANDARD_LIBRARIES = YES;
				BUNDLE_LOADER = "$(TEST_HOST)";
				CODE_SIGN_STYLE = Automatic;
				DEVELOPMENT_TEAM = 72ZMR4H44J;
				INFOPLIST_FILE = PhotoramaTests/Info.plist;
				IPHONEOS_DEPLOYMENT_TARGET = 14.4;
				LD_RUNPATH_SEARCH_PATHS = (
					"$(inherited)",
					"@executable_path/Frameworks",
					"@loader_path/Frameworks",
				);
				PRODUCT_BUNDLE_IDENTIFIER = com.chaomei.PhotoramaTests;
				PRODUCT_NAME = "$(TARGET_NAME)";
				SWIFT_VERSION = 5.0;
				TARGETED_DEVICE_FAMILY = "1,2";
				TEST_HOST = "$(BUILT_PRODUCTS_DIR)/Photorama.app/Photorama";
			};
			name = Release;
		};
		883507DF2633651500D891BE /* Debug */ = {
			isa = XCBuildConfiguration;
			buildSettings = {
				ALWAYS_EMBED_SWIFT_STANDARD_LIBRARIES = YES;
				CODE_SIGN_STYLE = Automatic;
				DEVELOPMENT_TEAM = 72ZMR4H44J;
				INFOPLIST_FILE = PhotoramaUITests/Info.plist;
				LD_RUNPATH_SEARCH_PATHS = (
					"$(inherited)",
					"@executable_path/Frameworks",
					"@loader_path/Frameworks",
				);
				PRODUCT_BUNDLE_IDENTIFIER = com.chaomei.PhotoramaUITests;
				PRODUCT_NAME = "$(TARGET_NAME)";
				SWIFT_VERSION = 5.0;
				TARGETED_DEVICE_FAMILY = "1,2";
				TEST_TARGET_NAME = Photorama;
			};
			name = Debug;
		};
		883507E02633651500D891BE /* Release */ = {
			isa = XCBuildConfiguration;
			buildSettings = {
				ALWAYS_EMBED_SWIFT_STANDARD_LIBRARIES = YES;
				CODE_SIGN_STYLE = Automatic;
				DEVELOPMENT_TEAM = 72ZMR4H44J;
				INFOPLIST_FILE = PhotoramaUITests/Info.plist;
				LD_RUNPATH_SEARCH_PATHS = (
					"$(inherited)",
					"@executable_path/Frameworks",
					"@loader_path/Frameworks",
				);
				PRODUCT_BUNDLE_IDENTIFIER = com.chaomei.PhotoramaUITests;
				PRODUCT_NAME = "$(TARGET_NAME)";
				SWIFT_VERSION = 5.0;
				TARGETED_DEVICE_FAMILY = "1,2";
				TEST_TARGET_NAME = Photorama;
			};
			name = Release;
		};
/* End XCBuildConfiguration section */

/* Begin XCConfigurationList section */
		883507A92633651500D891BE /* Build configuration list for PBXProject "Photorama" */ = {
			isa = XCConfigurationList;
			buildConfigurations = (
				883507D62633651500D891BE /* Debug */,
				883507D72633651500D891BE /* Release */,
			);
			defaultConfigurationIsVisible = 0;
			defaultConfigurationName = Release;
		};
		883507D82633651500D891BE /* Build configuration list for PBXNativeTarget "Photorama" */ = {
			isa = XCConfigurationList;
			buildConfigurations = (
				883507D92633651500D891BE /* Debug */,
				883507DA2633651500D891BE /* Release */,
			);
			defaultConfigurationIsVisible = 0;
			defaultConfigurationName = Release;
		};
		883507DB2633651500D891BE /* Build configuration list for PBXNativeTarget "PhotoramaTests" */ = {
			isa = XCConfigurationList;
			buildConfigurations = (
				883507DC2633651500D891BE /* Debug */,
				883507DD2633651500D891BE /* Release */,
			);
			defaultConfigurationIsVisible = 0;
			defaultConfigurationName = Release;
		};
		883507DE2633651500D891BE /* Build configuration list for PBXNativeTarget "PhotoramaUITests" */ = {
			isa = XCConfigurationList;
			buildConfigurations = (
				883507DF2633651500D891BE /* Debug */,
				883507E02633651500D891BE /* Release */,
			);
			defaultConfigurationIsVisible = 0;
			defaultConfigurationName = Release;
		};
/* End XCConfigurationList section */
	};
	rootObject = 883507A62633651400D891BE /* Project object */;
}
