// !$*UTF8*$!
{
	archiveVersion = 1;
	classes = {
	};
	objectVersion = 50;
	objects = {

/* Begin PBXBuildFile section */
		95753120234C43DB00229B3E /* AppDelegate.swift in Sources */ = {isa = PBXBuildFile; fileRef = 9575311F234C43DB00229B3E /* AppDelegate.swift */; };
		95753122234C43DB00229B3E /* SceneDelegate.swift in Sources */ = {isa = PBXBuildFile; fileRef = 95753121234C43DB00229B3E /* SceneDelegate.swift */; };
		95753127234C43DB00229B3E /* Main.storyboard in Resources */ = {isa = PBXBuildFile; fileRef = 95753125234C43DB00229B3E /* Main.storyboard */; };
		95753129234C43DC00229B3E /* Assets.xcassets in Resources */ = {isa = PBXBuildFile; fileRef = 95753128234C43DC00229B3E /* Assets.xcassets */; };
		9575312C234C43DC00229B3E /* LaunchScreen.storyboard in Resources */ = {isa = PBXBuildFile; fileRef = 9575312A234C43DC00229B3E /* LaunchScreen.storyboard */; };
		95753137234C43DC00229B3E /* LootLoggerTests.swift in Sources */ = {isa = PBXBuildFile; fileRef = 95753136234C43DC00229B3E /* LootLoggerTests.swift */; };
		95753142234C43DC00229B3E /* LootLoggerUITests.swift in Sources */ = {isa = PBXBuildFile; fileRef = 95753141234C43DC00229B3E /* LootLoggerUITests.swift */; };
		95753150234C441600229B3E /* ItemsViewController.swift in Sources */ = {isa = PBXBuildFile; fileRef = 9575314F234C441600229B3E /* ItemsViewController.swift */; };
		95753152234C450000229B3E /* Item.swift in Sources */ = {isa = PBXBuildFile; fileRef = 95753151234C450000229B3E /* Item.swift */; };
		95753154234C45B000229B3E /* ItemStore.swift in Sources */ = {isa = PBXBuildFile; fileRef = 95753153234C45B000229B3E /* ItemStore.swift */; };
/* End PBXBuildFile section */

/* Begin PBXContainerItemProxy section */
		95753133234C43DC00229B3E /* PBXContainerItemProxy */ = {
			isa = PBXContainerItemProxy;
			containerPortal = 95753114234C43DB00229B3E /* Project object */;
			proxyType = 1;
			remoteGlobalIDString = 9575311B234C43DB00229B3E;
			remoteInfo = LootLogger;
		};
		9575313E234C43DC00229B3E /* PBXContainerItemProxy */ = {
			isa = PBXContainerItemProxy;
			containerPortal = 95753114234C43DB00229B3E /* Project object */;
			proxyType = 1;
			remoteGlobalIDString = 9575311B234C43DB00229B3E;
			remoteInfo = LootLogger;
		};
/* End PBXContainerItemProxy section */

/* Begin PBXFileReference section */
		9575311C234C43DB00229B3E /* LootLogger.app */ = {isa = PBXFileReference; explicitFileType = wrapper.application; includeInIndex = 0; path = LootLogger.app; sourceTree = BUILT_PRODUCTS_DIR; };
		9575311F234C43DB00229B3E /* AppDelegate.swift */ = {isa = PBXFileReference; lastKnownFileType = sourcecode.swift; path = AppDelegate.swift; sourceTree = "<group>"; };
		95753121234C43DB00229B3E /* SceneDelegate.swift */ = {isa = PBXFileReference; lastKnownFileType = sourcecode.swift; path = SceneDelegate.swift; sourceTree = "<group>"; };
		95753126234C43DB00229B3E /* Base */ = {isa = PBXFileReference; lastKnownFileType = file.storyboard; name = Base; path = Base.lproj/Main.storyboard; sourceTree = "<group>"; };
		95753128234C43DC00229B3E /* Assets.xcassets */ = {isa = PBXFileReference; lastKnownFileType = folder.assetcatalog; path = Assets.xcassets; sourceTree = "<group>"; };
		9575312B234C43DC00229B3E /* Base */ = {isa = PBXFileReference; lastKnownFileType = file.storyboard; name = Base; path = Base.lproj/LaunchScreen.storyboard; sourceTree = "<group>"; };
		9575312D234C43DC00229B3E /* Info.plist */ = {isa = PBXFileReference; lastKnownFileType = text.plist.xml; path = Info.plist; sourceTree = "<group>"; };
		95753132234C43DC00229B3E /* LootLoggerTests.xctest */ = {isa = PBXFileReference; explicitFileType = wrapper.cfbundle; includeInIndex = 0; path = LootLoggerTests.xctest; sourceTree = BUILT_PRODUCTS_DIR; };
		95753136234C43DC00229B3E /* LootLoggerTests.swift */ = {isa = PBXFileReference; lastKnownFileType = sourcecode.swift; path = LootLoggerTests.swift; sourceTree = "<group>"; };
		95753138234C43DC00229B3E /* Info.plist */ = {isa = PBXFileReference; lastKnownFileType = text.plist.xml; path = Info.plist; sourceTree = "<group>"; };
		9575313D234C43DC00229B3E /* LootLoggerUITests.xctest */ = {isa = PBXFileReference; explicitFileType = wrapper.cfbundle; includeInIndex = 0; path = LootLoggerUITests.xctest; sourceTree = BUILT_PRODUCTS_DIR; };
		95753141234C43DC00229B3E /* LootLoggerUITests.swift */ = {isa = PBXFileReference; lastKnownFileType = sourcecode.swift; path = LootLoggerUITests.swift; sourceTree = "<group>"; };
		95753143234C43DC00229B3E /* Info.plist */ = {isa = PBXFileReference; lastKnownFileType = text.plist.xml; path = Info.plist; sourceTree = "<group>"; };
		9575314F234C441600229B3E /* ItemsViewController.swift */ = {isa = PBXFileReference; lastKnownFileType = sourcecode.swift; path = ItemsViewController.swift; sourceTree = "<group>"; };
		95753151234C450000229B3E /* Item.swift */ = {isa = PBXFileReference; lastKnownFileType = sourcecode.swift; path = Item.swift; sourceTree = "<group>"; };
		95753153234C45B000229B3E /* ItemStore.swift */ = {isa = PBXFileReference; lastKnownFileType = sourcecode.swift; path = ItemStore.swift; sourceTree = "<group>"; };
/* End PBXFileReference section */

/* Begin PBXFrameworksBuildPhase section */
		95753119234C43DB00229B3E /* Frameworks */ = {
			isa = PBXFrameworksBuildPhase;
			buildActionMask = 2147483647;
			files = (
			);
			runOnlyForDeploymentPostprocessing = 0;
		};
		9575312F234C43DC00229B3E /* Frameworks */ = {
			isa = PBXFrameworksBuildPhase;
			buildActionMask = 2147483647;
			files = (
			);
			runOnlyForDeploymentPostprocessing = 0;
		};
		9575313A234C43DC00229B3E /* Frameworks */ = {
			isa = PBXFrameworksBuildPhase;
			buildActionMask = 2147483647;
			files = (
			);
			runOnlyForDeploymentPostprocessing = 0;
		};
/* End PBXFrameworksBuildPhase section */

/* Begin PBXGroup section */
		95753113234C43DB00229B3E = {
			isa = PBXGroup;
			children = (
				9575311E234C43DB00229B3E /* LootLogger */,
				95753135234C43DC00229B3E /* LootLoggerTests */,
				95753140234C43DC00229B3E /* LootLoggerUITests */,
				9575311D234C43DB00229B3E /* Products */,
			);
			sourceTree = "<group>";
		};
		9575311D234C43DB00229B3E /* Products */ = {
			isa = PBXGroup;
			children = (
				9575311C234C43DB00229B3E /* LootLogger.app */,
				95753132234C43DC00229B3E /* LootLoggerTests.xctest */,
				9575313D234C43DC00229B3E /* LootLoggerUITests.xctest */,
			);
			name = Products;
			sourceTree = "<group>";
		};
		9575311E234C43DB00229B3E /* LootLogger */ = {
			isa = PBXGroup;
			children = (
				9575311F234C43DB00229B3E /* AppDelegate.swift */,
				95753121234C43DB00229B3E /* SceneDelegate.swift */,
				95753151234C450000229B3E /* Item.swift */,
				95753153234C45B000229B3E /* ItemStore.swift */,
				9575314F234C441600229B3E /* ItemsViewController.swift */,
				95753125234C43DB00229B3E /* Main.storyboard */,
				95753128234C43DC00229B3E /* Assets.xcassets */,
				9575312A234C43DC00229B3E /* LaunchScreen.storyboard */,
				9575312D234C43DC00229B3E /* Info.plist */,
			);
			path = LootLogger;
			sourceTree = "<group>";
		};
		95753135234C43DC00229B3E /* LootLoggerTests */ = {
			isa = PBXGroup;
			children = (
				95753136234C43DC00229B3E /* LootLoggerTests.swift */,
				95753138234C43DC00229B3E /* Info.plist */,
			);
			path = LootLoggerTests;
			sourceTree = "<group>";
		};
		95753140234C43DC00229B3E /* LootLoggerUITests */ = {
			isa = PBXGroup;
			children = (
				95753141234C43DC00229B3E /* LootLoggerUITests.swift */,
				95753143234C43DC00229B3E /* Info.plist */,
			);
			path = LootLoggerUITests;
			sourceTree = "<group>";
		};
/* End PBXGroup section */

/* Begin PBXNativeTarget section */
		9575311B234C43DB00229B3E /* LootLogger */ = {
			isa = PBXNativeTarget;
			buildConfigurationList = 95753146234C43DC00229B3E /* Build configuration list for PBXNativeTarget "LootLogger" */;
			buildPhases = (
				95753118234C43DB00229B3E /* Sources */,
				95753119234C43DB00229B3E /* Frameworks */,
				9575311A234C43DB00229B3E /* Resources */,
			);
			buildRules = (
			);
			dependencies = (
			);
			name = LootLogger;
			productName = LootLogger;
			productReference = 9575311C234C43DB00229B3E /* LootLogger.app */;
			productType = "com.apple.product-type.application";
		};
		95753131234C43DC00229B3E /* LootLoggerTests */ = {
			isa = PBXNativeTarget;
			buildConfigurationList = 95753149234C43DC00229B3E /* Build configuration list for PBXNativeTarget "LootLoggerTests" */;
			buildPhases = (
				9575312E234C43DC00229B3E /* Sources */,
				9575312F234C43DC00229B3E /* Frameworks */,
				95753130234C43DC00229B3E /* Resources */,
			);
			buildRules = (
			);
			dependencies = (
				95753134234C43DC00229B3E /* PBXTargetDependency */,
			);
			name = LootLoggerTests;
			productName = LootLoggerTests;
			productReference = 95753132234C43DC00229B3E /* LootLoggerTests.xctest */;
			productType = "com.apple.product-type.bundle.unit-test";
		};
		9575313C234C43DC00229B3E /* LootLoggerUITests */ = {
			isa = PBXNativeTarget;
			buildConfigurationList = 9575314C234C43DC00229B3E /* Build configuration list for PBXNativeTarget "LootLoggerUITests" */;
			buildPhases = (
				95753139234C43DC00229B3E /* Sources */,
				9575313A234C43DC00229B3E /* Frameworks */,
				9575313B234C43DC00229B3E /* Resources */,
			);
			buildRules = (
			);
			dependencies = (
				9575313F234C43DC00229B3E /* PBXTargetDependency */,
			);
			name = LootLoggerUITests;
			productName = LootLoggerUITests;
			productReference = 9575313D234C43DC00229B3E /* LootLoggerUITests.xctest */;
			productType = "com.apple.product-type.bundle.ui-testing";
		};
/* End PBXNativeTarget section */

/* Begin PBXProject section */
		95753114234C43DB00229B3E /* Project object */ = {
			isa = PBXProject;
			attributes = {
				LastSwiftUpdateCheck = 1110;
				LastUpgradeCheck = 1230;
				ORGANIZATIONNAME = "Big Nerd Ranch";
				TargetAttributes = {
					9575311B234C43DB00229B3E = {
						CreatedOnToolsVersion = 11.1;
					};
					95753131234C43DC00229B3E = {
						CreatedOnToolsVersion = 11.1;
						TestTargetID = 9575311B234C43DB00229B3E;
					};
					9575313C234C43DC00229B3E = {
						CreatedOnToolsVersion = 11.1;
						TestTargetID = 9575311B234C43DB00229B3E;
					};
				};
			};
			buildConfigurationList = 95753117234C43DB00229B3E /* Build configuration list for PBXProject "LootLogger" */;
			compatibilityVersion = "Xcode 9.3";
			developmentRegion = en;
			hasScannedForEncodings = 0;
			knownRegions = (
				en,
				Base,
			);
			mainGroup = 95753113234C43DB00229B3E;
			productRefGroup = 9575311D234C43DB00229B3E /* Products */;
			projectDirPath = "";
			projectRoot = "";
			targets = (
				9575311B234C43DB00229B3E /* LootLogger */,
				95753131234C43DC00229B3E /* LootLoggerTests */,
				9575313C234C43DC00229B3E /* LootLoggerUITests */,
			);
		};
/* End PBXProject section */

/* Begin PBXResourcesBuildPhase section */
		9575311A234C43DB00229B3E /* Resources */ = {
			isa = PBXResourcesBuildPhase;
			buildActionMask = 2147483647;
			files = (
				9575312C234C43DC00229B3E /* LaunchScreen.storyboard in Resources */,
				95753129234C43DC00229B3E /* Assets.xcassets in Resources */,
				95753127234C43DB00229B3E /* Main.storyboard in Resources */,
			);
			runOnlyForDeploymentPostprocessing = 0;
		};
		95753130234C43DC00229B3E /* Resources */ = {
			isa = PBXResourcesBuildPhase;
			buildActionMask = 2147483647;
			files = (
			);
			runOnlyForDeploymentPostprocessing = 0;
		};
		9575313B234C43DC00229B3E /* Resources */ = {
			isa = PBXResourcesBuildPhase;
			buildActionMask = 2147483647;
			files = (
			);
			runOnlyForDeploymentPostprocessing = 0;
		};
/* End PBXResourcesBuildPhase section */

/* Begin PBXSourcesBuildPhase section */
		95753118234C43DB00229B3E /* Sources */ = {
			isa = PBXSourcesBuildPhase;
			buildActionMask = 2147483647;
			files = (
				95753152234C450000229B3E /* Item.swift in Sources */,
				95753150234C441600229B3E /* ItemsViewController.swift in Sources */,
				95753120234C43DB00229B3E /* AppDelegate.swift in Sources */,
				95753154234C45B000229B3E /* ItemStore.swift in Sources */,
				95753122234C43DB00229B3E /* SceneDelegate.swift in Sources */,
			);
			runOnlyForDeploymentPostprocessing = 0;
		};
		9575312E234C43DC00229B3E /* Sources */ = {
			isa = PBXSourcesBuildPhase;
			buildActionMask = 2147483647;
			files = (
				95753137234C43DC00229B3E /* LootLoggerTests.swift in Sources */,
			);
			runOnlyForDeploymentPostprocessing = 0;
		};
		95753139234C43DC00229B3E /* Sources */ = {
			isa = PBXSourcesBuildPhase;
			buildActionMask = 2147483647;
			files = (
				95753142234C43DC00229B3E /* LootLoggerUITests.swift in Sources */,
			);
			runOnlyForDeploymentPostprocessing = 0;
		};
/* End PBXSourcesBuildPhase section */

/* Begin PBXTargetDependency section */
		95753134234C43DC00229B3E /* PBXTargetDependency */ = {
			isa = PBXTargetDependency;
			target = 9575311B234C43DB00229B3E /* LootLogger */;
			targetProxy = 95753133234C43DC00229B3E /* PBXContainerItemProxy */;
		};
		9575313F234C43DC00229B3E /* PBXTargetDependency */ = {
			isa = PBXTargetDependency;
			target = 9575311B234C43DB00229B3E /* LootLogger */;
			targetProxy = 9575313E234C43DC00229B3E /* PBXContainerItemProxy */;
		};
/* End PBXTargetDependency section */

/* Begin PBXVariantGroup section */
		95753125234C43DB00229B3E /* Main.storyboard */ = {
			isa = PBXVariantGroup;
			children = (
				95753126234C43DB00229B3E /* Base */,
			);
			name = Main.storyboard;
			sourceTree = "<group>";
		};
		9575312A234C43DC00229B3E /* LaunchScreen.storyboard */ = {
			isa = PBXVariantGroup;
			children = (
				9575312B234C43DC00229B3E /* Base */,
			);
			name = LaunchScreen.storyboard;
			sourceTree = "<group>";
		};
/* End PBXVariantGroup section */

/* Begin XCBuildConfiguration section */
		95753144234C43DC00229B3E /* Debug */ = {
			isa = XCBuildConfiguration;
			buildSettings = {
				ALWAYS_SEARCH_USER_PATHS = NO;
				CLANG_ANALYZER_NONNULL = YES;
				CLANG_ANALYZER_NUMBER_OBJECT_CONVERSION = YES_AGGRESSIVE;
				CLANG_CXX_LANGUAGE_STANDARD = "gnu++14";
				CLANG_CXX_LIBRARY = "libc++";
				CLANG_ENABLE_MODULES = YES;
				CLANG_ENABLE_OBJC_ARC = YES;
				CLANG_ENABLE_OBJC_WEAK = YES;
				CLANG_WARN_BLOCK_CAPTURE_AUTORELEASING = YES;
				CLANG_WARN_BOOL_CONVERSION = YES;
				CLANG_WARN_COMMA = YES;
				CLANG_WARN_CONSTANT_CONVERSION = YES;
				CLANG_WARN_DEPRECATED_OBJC_IMPLEMENTATIONS = YES;
				CLANG_WARN_DIRECT_OBJC_ISA_USAGE = YES_ERROR;
				CLANG_WARN_DOCUMENTATION_COMMENTS = YES;
				CLANG_WARN_EMPTY_BODY = YES;
				CLANG_WARN_ENUM_CONVERSION = YES;
				CLANG_WARN_INFINITE_RECURSION = YES;
				CLANG_WARN_INT_CONVERSION = YES;
				CLANG_WARN_NON_LITERAL_NULL_CONVERSION = YES;
				CLANG_WARN_OBJC_IMPLICIT_RETAIN_SELF = YES;
				CLANG_WARN_OBJC_LITERAL_CONVERSION = YES;
				CLANG_WARN_OBJC_ROOT_CLASS = YES_ERROR;
				CLANG_WARN_QUOTED_INCLUDE_IN_FRAMEWORK_HEADER = YES;
				CLANG_WARN_RANGE_LOOP_ANALYSIS = YES;
				CLANG_WARN_STRICT_PROTOTYPES = YES;
				CLANG_WARN_SUSPICIOUS_MOVE = YES;
				CLANG_WARN_UNGUARDED_AVAILABILITY = YES_AGGRESSIVE;
				CLANG_WARN_UNREACHABLE_CODE = YES;
				CLANG_WARN__DUPLICATE_METHOD_MATCH = YES;
				COPY_PHASE_STRIP = NO;
				DEBUG_INFORMATION_FORMAT = dwarf;
				ENABLE_STRICT_OBJC_MSGSEND = YES;
				ENABLE_TESTABILITY = YES;
				GCC_C_LANGUAGE_STANDARD = gnu11;
				GCC_DYNAMIC_NO_PIC = NO;
				GCC_NO_COMMON_BLOCKS = YES;
				GCC_OPTIMIZATION_LEVEL = 0;
				GCC_PREPROCESSOR_DEFINITIONS = (
					"DEBUG=1",
					"$(inherited)",
				);
				GCC_WARN_64_TO_32_BIT_CONVERSION = YES;
				GCC_WARN_ABOUT_RETURN_TYPE = YES_ERROR;
				GCC_WARN_UNDECLARED_SELECTOR = YES;
				GCC_WARN_UNINITIALIZED_AUTOS = YES_AGGRESSIVE;
				GCC_WARN_UNUSED_FUNCTION = YES;
				GCC_WARN_UNUSED_VARIABLE = YES;
				IPHONEOS_DEPLOYMENT_TARGET = 13.1;
				MTL_ENABLE_DEBUG_INFO = INCLUDE_SOURCE;
				MTL_FAST_MATH = YES;
				ONLY_ACTIVE_ARCH = YES;
				SDKROOT = iphoneos;
				SWIFT_ACTIVE_COMPILATION_CONDITIONS = DEBUG;
				SWIFT_OPTIMIZATION_LEVEL = "-Onone";
			};
			name = Debug;
		};
		95753145234C43DC00229B3E /* Release */ = {
			isa = XCBuildConfiguration;
			buildSettings = {
				ALWAYS_SEARCH_USER_PATHS = NO;
				CLANG_ANALYZER_NONNULL = YES;
				CLANG_ANALYZER_NUMBER_OBJECT_CONVERSION = YES_AGGRESSIVE;
				CLANG_CXX_LANGUAGE_STANDARD = "gnu++14";
				CLANG_CXX_LIBRARY = "libc++";
				CLANG_ENABLE_MODULES = YES;
				CLANG_ENABLE_OBJC_ARC = YES;
				CLANG_ENABLE_OBJC_WEAK = YES;
				CLANG_WARN_BLOCK_CAPTURE_AUTORELEASING = YES;
				CLANG_WARN_BOOL_CONVERSION = YES;
				CLANG_WARN_COMMA = YES;
				CLANG_WARN_CONSTANT_CONVERSION = YES;
				CLANG_WARN_DEPRECATED_OBJC_IMPLEMENTATIONS = YES;
				CLANG_WARN_DIRECT_OBJC_ISA_USAGE = YES_ERROR;
				CLANG_WARN_DOCUMENTATION_COMMENTS = YES;
				CLANG_WARN_EMPTY_BODY = YES;
				CLANG_WARN_ENUM_CONVERSION = YES;
				CLANG_WARN_INFINITE_RECURSION = YES;
				CLANG_WARN_INT_CONVERSION = YES;
				CLANG_WARN_NON_LITERAL_NULL_CONVERSION = YES;
				CLANG_WARN_OBJC_IMPLICIT_RETAIN_SELF = YES;
				CLANG_WARN_OBJC_LITERAL_CONVERSION = YES;
				CLANG_WARN_OBJC_ROOT_CLASS = YES_ERROR;
				CLANG_WARN_QUOTED_INCLUDE_IN_FRAMEWORK_HEADER = YES;
				CLANG_WARN_RANGE_LOOP_ANALYSIS = YES;
				CLANG_WARN_STRICT_PROTOTYPES = YES;
				CLANG_WARN_SUSPICIOUS_MOVE = YES;
				CLANG_WARN_UNGUARDED_AVAILABILITY = YES_AGGRESSIVE;
				CLANG_WARN_UNREACHABLE_CODE = YES;
				CLANG_WARN__DUPLICATE_METHOD_MATCH = YES;
				COPY_PHASE_STRIP = NO;
				DEBUG_INFORMATION_FORMAT = "dwarf-with-dsym";
				ENABLE_NS_ASSERTIONS = NO;
				ENABLE_STRICT_OBJC_MSGSEND = YES;
				GCC_C_LANGUAGE_STANDARD = gnu11;
				GCC_NO_COMMON_BLOCKS = YES;
				GCC_WARN_64_TO_32_BIT_CONVERSION = YES;
				GCC_WARN_ABOUT_RETURN_TYPE = YES_ERROR;
				GCC_WARN_UNDECLARED_SELECTOR = YES;
				GCC_WARN_UNINITIALIZED_AUTOS = YES_AGGRESSIVE;
				GCC_WARN_UNUSED_FUNCTION = YES;
				GCC_WARN_UNUSED_VARIABLE = YES;
				IPHONEOS_DEPLOYMENT_TARGET = 13.1;
				MTL_ENABLE_DEBUG_INFO = NO;
				MTL_FAST_MATH = YES;
				SDKROOT = iphoneos;
				SWIFT_COMPILATION_MODE = wholemodule;
				SWIFT_OPTIMIZATION_LEVEL = "-O";
				VALIDATE_PRODUCT = YES;
			};
			name = Release;
		};
		95753147234C43DC00229B3E /* Debug */ = {
			isa = XCBuildConfiguration;
			buildSettings = {
				ASSETCATALOG_COMPILER_APPICON_NAME = AppIcon;
				CODE_SIGN_STYLE = Automatic;
				DEVELOPMENT_TEAM = 72ZMR4H44J;
				INFOPLIST_FILE = LootLogger/Info.plist;
				LD_RUNPATH_SEARCH_PATHS = (
					"$(inherited)",
					"@executable_path/Frameworks",
				);
				PRODUCT_BUNDLE_IDENTIFIER = "Chao-Mei";
				PRODUCT_NAME = "$(TARGET_NAME)";
				SWIFT_VERSION = 5.0;
				TARGETED_DEVICE_FAMILY = "1,2";
			};
			name = Debug;
		};
		95753148234C43DC00229B3E /* Release */ = {
			isa = XCBuildConfiguration;
			buildSettings = {
				ASSETCATALOG_COMPILER_APPICON_NAME = AppIcon;
				CODE_SIGN_STYLE = Automatic;
				DEVELOPMENT_TEAM = 72ZMR4H44J;
				INFOPLIST_FILE = LootLogger/Info.plist;
				LD_RUNPATH_SEARCH_PATHS = (
					"$(inherited)",
					"@executable_path/Frameworks",
				);
				PRODUCT_BUNDLE_IDENTIFIER = "Chao-Mei";
				PRODUCT_NAME = "$(TARGET_NAME)";
				SWIFT_VERSION = 5.0;
				TARGETED_DEVICE_FAMILY = "1,2";
			};
			name = Release;
		};
		9575314A234C43DC00229B3E /* Debug */ = {
			isa = XCBuildConfiguration;
			buildSettings = {
				ALWAYS_EMBED_SWIFT_STANDARD_LIBRARIES = YES;
				BUNDLE_LOADER = "$(TEST_HOST)";
				CODE_SIGN_STYLE = Automatic;
				INFOPLIST_FILE = LootLoggerTests/Info.plist;
				IPHONEOS_DEPLOYMENT_TARGET = 13.1;
				LD_RUNPATH_SEARCH_PATHS = (
					"$(inherited)",
					"@executable_path/Frameworks",
					"@loader_path/Frameworks",
				);
				PRODUCT_BUNDLE_IDENTIFIER = com.bignerdranch.LootLoggerTests;
				PRODUCT_NAME = "$(TARGET_NAME)";
				SWIFT_VERSION = 5.0;
				TARGETED_DEVICE_FAMILY = "1,2";
				TEST_HOST = "$(BUILT_PRODUCTS_DIR)/LootLogger.app/LootLogger";
			};
			name = Debug;
		};
		9575314B234C43DC00229B3E /* Release */ = {
			isa = XCBuildConfiguration;
			buildSettings = {
				ALWAYS_EMBED_SWIFT_STANDARD_LIBRARIES = YES;
				BUNDLE_LOADER = "$(TEST_HOST)";
				CODE_SIGN_STYLE = Automatic;
				INFOPLIST_FILE = LootLoggerTests/Info.plist;
				IPHONEOS_DEPLOYMENT_TARGET = 13.1;
				LD_RUNPATH_SEARCH_PATHS = (
					"$(inherited)",
					"@executable_path/Frameworks",
					"@loader_path/Frameworks",
				);
				PRODUCT_BUNDLE_IDENTIFIER = com.bignerdranch.LootLoggerTests;
				PRODUCT_NAME = "$(TARGET_NAME)";
				SWIFT_VERSION = 5.0;
				TARGETED_DEVICE_FAMILY = "1,2";
				TEST_HOST = "$(BUILT_PRODUCTS_DIR)/LootLogger.app/LootLogger";
			};
			name = Release;
		};
		9575314D234C43DC00229B3E /* Debug */ = {
			isa = XCBuildConfiguration;
			buildSettings = {
				ALWAYS_EMBED_SWIFT_STANDARD_LIBRARIES = YES;
				CODE_SIGN_STYLE = Automatic;
				INFOPLIST_FILE = LootLoggerUITests/Info.plist;
				LD_RUNPATH_SEARCH_PATHS = (
					"$(inherited)",
					"@executable_path/Frameworks",
					"@loader_path/Frameworks",
				);
				PRODUCT_BUNDLE_IDENTIFIER = com.bignerdranch.LootLoggerUITests;
				PRODUCT_NAME = "$(TARGET_NAME)";
				SWIFT_VERSION = 5.0;
				TARGETED_DEVICE_FAMILY = "1,2";
				TEST_TARGET_NAME = LootLogger;
			};
			name = Debug;
		};
		9575314E234C43DC00229B3E /* Release */ = {
			isa = XCBuildConfiguration;
			buildSettings = {
				ALWAYS_EMBED_SWIFT_STANDARD_LIBRARIES = YES;
				CODE_SIGN_STYLE = Automatic;
				INFOPLIST_FILE = LootLoggerUITests/Info.plist;
				LD_RUNPATH_SEARCH_PATHS = (
					"$(inherited)",
					"@executable_path/Frameworks",
					"@loader_path/Frameworks",
				);
				PRODUCT_BUNDLE_IDENTIFIER = com.bignerdranch.LootLoggerUITests;
				PRODUCT_NAME = "$(TARGET_NAME)";
				SWIFT_VERSION = 5.0;
				TARGETED_DEVICE_FAMILY = "1,2";
				TEST_TARGET_NAME = LootLogger;
			};
			name = Release;
		};
/* End XCBuildConfiguration section */

/* Begin XCConfigurationList section */
		95753117234C43DB00229B3E /* Build configuration list for PBXProject "LootLogger" */ = {
			isa = XCConfigurationList;
			buildConfigurations = (
				95753144234C43DC00229B3E /* Debug */,
				95753145234C43DC00229B3E /* Release */,
			);
			defaultConfigurationIsVisible = 0;
			defaultConfigurationName = Release;
		};
		95753146234C43DC00229B3E /* Build configuration list for PBXNativeTarget "LootLogger" */ = {
			isa = XCConfigurationList;
			buildConfigurations = (
				95753147234C43DC00229B3E /* Debug */,
				95753148234C43DC00229B3E /* Release */,
			);
			defaultConfigurationIsVisible = 0;
			defaultConfigurationName = Release;
		};
		95753149234C43DC00229B3E /* Build configuration list for PBXNativeTarget "LootLoggerTests" */ = {
			isa = XCConfigurationList;
			buildConfigurations = (
				9575314A234C43DC00229B3E /* Debug */,
				9575314B234C43DC00229B3E /* Release */,
			);
			defaultConfigurationIsVisible = 0;
			defaultConfigurationName = Release;
		};
		9575314C234C43DC00229B3E /* Build configuration list for PBXNativeTarget "LootLoggerUITests" */ = {
			isa = XCConfigurationList;
			buildConfigurations = (
				9575314D234C43DC00229B3E /* Debug */,
				9575314E234C43DC00229B3E /* Release */,
			);
			defaultConfigurationIsVisible = 0;
			defaultConfigurationName = Release;
		};
/* End XCConfigurationList section */
	};
	rootObject = 95753114234C43DB00229B3E /* Project object */;
}
